
Microsoft Visual Studio Solution File, Format Version 12.00
# Visual Studio Version 17
VisualStudioVersion = 17.2.32630.192
MinimumVisualStudioVersion = 10.0.40219.1
Project("{FAE04EC0-301F-11D3-BF4B-00C04F79EFBC}") = "OnlineLearningSystem", "OnlineLearningSystem\OnlineLearningSystem.csproj", "{B91D6BAD-DB9D-4763-8B58-CDB60C02C4FD}"
EndProject
Project("{FAE04EC0-301F-11D3-BF4B-00C04F79EFBC}") = "Compilers", "Compilers\Compilers.csproj", "{07881694-FE3B-43A6-921F-7840C2E0ECB8}"
EndProject
Project("{FAE04EC0-301F-11D3-BF4B-00C04F79EFBC}") = "EFModel", "EFModel\EFModel.csproj", "{903427D4-2CAF-4EB4-A840-492CCA1B10C7}"
EndProject
Project("{FAE04EC0-301F-11D3-BF4B-00C04F79EFBC}") = "RESTCompilerFunctions", "RESTCompilerFunctions\RESTCompilerFunctions.csproj", "{8234EF66-2906-471F-92E9-6C8E191830DD}"
EndProject
Project("{FAE04EC0-301F-11D3-BF4B-00C04F79EFBC}") = "AdminPages", "ludadmin\AdminPages.csproj", "{D80984D5-65EC-46D1-9AE9-3873D3A73D08}"
EndProject
Project("{FAE04EC0-301F-11D3-BF4B-00C04F79EFBC}") = "RESTAdminPages", "RESTAdminPages\RESTAdminPages.csproj", "{2C94E91D-6645-4E9F-885D-E74793AB6361}"
EndProject
Project("{9A19103F-16F7-4668-BE54-9A1E7A4F7556}") = "Checker", "Checker\Checker.csproj", "{2046B76A-81F0-4530-9068-C2AB54444424}"
EndProject
Project("{FAE04EC0-301F-11D3-BF4B-00C04F79EFBC}") = "LMS.Common", "LMS.Common\LMS.Common.csproj", "{1DEFE8F2-3509-48D3-B550-33AEC84723AC}"
EndProject
Project("{9A19103F-16F7-4668-BE54-9A1E7A4F7556}") = "RESTModelFunctionsCore", "RESTModelFunctionsCore\RESTModelFunctionsCore.csproj", "{183CBD53-82E8-49A4-A59D-AF99C9CE7D91}"
	ProjectSection(ProjectDependencies) = postProject
		{690555DA-064F-401F-B50E-065A45F3BCA6} = {690555DA-064F-401F-B50E-065A45F3BCA6}
	EndProjectSection
EndProject
Project("{9A19103F-16F7-4668-BE54-9A1E7A4F7556}") = "RESTModelFunctionsTest", "RESTModelFunctionsTest\RESTModelFunctionsTest.csproj", "{8F197954-EF57-451A-97C8-D871F6879672}"
EndProject
Project("{54A90642-561A-4BB1-A94E-469ADEE60C69}") = "OLSCore", "OLSCore\OLSCore.esproj", "{89D4F9F7-10C9-4A8D-B900-87F10CB8C0C6}"
EndProject
Project("{54A90642-561A-4BB1-A94E-469ADEE60C69}") = "AdminCore", "AdminCore\AdminCore.esproj", "{9BCA91EE-A3B2-4F21-8744-8A3FA794796A}"
EndProject
Project("{9A19103F-16F7-4668-BE54-9A1E7A4F7556}") = "RESTAdminPagesCore", "RESTAdminPagesCore\RESTAdminPagesCore.csproj", "{690555DA-064F-401F-B50E-065A45F3BCA6}"
EndProject
Project("{54A90642-561A-4BB1-A94E-469ADEE60C69}") = "Crystal1", "Crystal1\Crystal1.esproj", "{B4A74AD1-B7D0-4364-86B2-6BC1EAB57F46}"
EndProject
Project("{54A90642-561A-4BB1-A94E-469ADEE60C69}") = "Omar1", "Omar1\Omar1.esproj", "{7A08D8B3-9482-40FF-A583-CF0164B37AE9}"
EndProject
Project("{9A19103F-16F7-4668-BE54-9A1E7A4F7556}") = "RESTCompilerFunctionsCore", "RESTCompilerFunctionsCore\RESTCompilerFunctionsCore.csproj", "{8C3C303D-7D60-4FE7-B9DA-320EAE46AD2A}"
EndProject
Project("{FAE04EC0-301F-11D3-BF4B-00C04F79EFBC}") = "CompilersCore", "CompilersCore\CompilersCore.csproj", "{686364AA-1E45-4E01-977A-C3C75FC6AD6E}"
EndProject
Global
	GlobalSection(SolutionConfigurationPlatforms) = preSolution
		Debug|Any CPU = Debug|Any CPU
		Debug|x64 = Debug|x64
		Release|Any CPU = Release|Any CPU
		Release|x64 = Release|x64
	EndGlobalSection
	GlobalSection(ProjectConfigurationPlatforms) = postSolution
		{B91D6BAD-DB9D-4763-8B58-CDB60C02C4FD}.Debug|Any CPU.ActiveCfg = Debug|Any CPU
		{B91D6BAD-DB9D-4763-8B58-CDB60C02C4FD}.Debug|Any CPU.Build.0 = Debug|Any CPU
		{B91D6BAD-DB9D-4763-8B58-CDB60C02C4FD}.Debug|x64.ActiveCfg = Debug|Any CPU
		{B91D6BAD-DB9D-4763-8B58-CDB60C02C4FD}.Debug|x64.Build.0 = Debug|Any CPU
		{B91D6BAD-DB9D-4763-8B58-CDB60C02C4FD}.Release|Any CPU.ActiveCfg = Release|Any CPU
		{B91D6BAD-DB9D-4763-8B58-CDB60C02C4FD}.Release|Any CPU.Build.0 = Release|Any CPU
		{B91D6BAD-DB9D-4763-8B58-CDB60C02C4FD}.Release|x64.ActiveCfg = Release|Any CPU
		{B91D6BAD-DB9D-4763-8B58-CDB60C02C4FD}.Release|x64.Build.0 = Release|Any CPU
		{07881694-FE3B-43A6-921F-7840C2E0ECB8}.Debug|Any CPU.ActiveCfg = Debug|Any CPU
		{07881694-FE3B-43A6-921F-7840C2E0ECB8}.Debug|Any CPU.Build.0 = Debug|Any CPU
		{07881694-FE3B-43A6-921F-7840C2E0ECB8}.Debug|x64.ActiveCfg = Debug|Any CPU
		{07881694-FE3B-43A6-921F-7840C2E0ECB8}.Debug|x64.Build.0 = Debug|Any CPU
		{07881694-FE3B-43A6-921F-7840C2E0ECB8}.Release|Any CPU.ActiveCfg = Release|Any CPU
		{07881694-FE3B-43A6-921F-7840C2E0ECB8}.Release|Any CPU.Build.0 = Release|Any CPU
		{07881694-FE3B-43A6-921F-7840C2E0ECB8}.Release|x64.ActiveCfg = Release|Any CPU
		{07881694-FE3B-43A6-921F-7840C2E0ECB8}.Release|x64.Build.0 = Release|Any CPU
		{903427D4-2CAF-4EB4-A840-492CCA1B10C7}.Debug|Any CPU.ActiveCfg = Debug|Any CPU
		{903427D4-2CAF-4EB4-A840-492CCA1B10C7}.Debug|Any CPU.Build.0 = Debug|Any CPU
		{903427D4-2CAF-4EB4-A840-492CCA1B10C7}.Debug|x64.ActiveCfg = Debug|Any CPU
		{903427D4-2CAF-4EB4-A840-492CCA1B10C7}.Debug|x64.Build.0 = Debug|Any CPU
		{903427D4-2CAF-4EB4-A840-492CCA1B10C7}.Release|Any CPU.ActiveCfg = Release|Any CPU
		{903427D4-2CAF-4EB4-A840-492CCA1B10C7}.Release|Any CPU.Build.0 = Release|Any CPU
		{903427D4-2CAF-4EB4-A840-492CCA1B10C7}.Release|x64.ActiveCfg = Release|Any CPU
		{903427D4-2CAF-4EB4-A840-492CCA1B10C7}.Release|x64.Build.0 = Release|Any CPU
		{8234EF66-2906-471F-92E9-6C8E191830DD}.Debug|Any CPU.ActiveCfg = Debug|Any CPU
		{8234EF66-2906-471F-92E9-6C8E191830DD}.Debug|Any CPU.Build.0 = Debug|Any CPU
		{8234EF66-2906-471F-92E9-6C8E191830DD}.Debug|x64.ActiveCfg = Debug|Any CPU
		{8234EF66-2906-471F-92E9-6C8E191830DD}.Debug|x64.Build.0 = Debug|Any CPU
		{8234EF66-2906-471F-92E9-6C8E191830DD}.Release|Any CPU.ActiveCfg = Release|Any CPU
		{8234EF66-2906-471F-92E9-6C8E191830DD}.Release|Any CPU.Build.0 = Release|Any CPU
		{8234EF66-2906-471F-92E9-6C8E191830DD}.Release|x64.ActiveCfg = Release|Any CPU
		{8234EF66-2906-471F-92E9-6C8E191830DD}.Release|x64.Build.0 = Release|Any CPU
		{D80984D5-65EC-46D1-9AE9-3873D3A73D08}.Debug|Any CPU.ActiveCfg = Debug|Any CPU
		{D80984D5-65EC-46D1-9AE9-3873D3A73D08}.Debug|Any CPU.Build.0 = Debug|Any CPU
		{D80984D5-65EC-46D1-9AE9-3873D3A73D08}.Debug|x64.ActiveCfg = Debug|Any CPU
		{D80984D5-65EC-46D1-9AE9-3873D3A73D08}.Debug|x64.Build.0 = Debug|Any CPU
		{D80984D5-65EC-46D1-9AE9-3873D3A73D08}.Release|Any CPU.ActiveCfg = Release|Any CPU
		{D80984D5-65EC-46D1-9AE9-3873D3A73D08}.Release|Any CPU.Build.0 = Release|Any CPU
		{D80984D5-65EC-46D1-9AE9-3873D3A73D08}.Release|x64.ActiveCfg = Release|Any CPU
		{D80984D5-65EC-46D1-9AE9-3873D3A73D08}.Release|x64.Build.0 = Release|Any CPU
		{2C94E91D-6645-4E9F-885D-E74793AB6361}.Debug|Any CPU.ActiveCfg = Debug|Any CPU
		{2C94E91D-6645-4E9F-885D-E74793AB6361}.Debug|Any CPU.Build.0 = Debug|Any CPU
		{2C94E91D-6645-4E9F-885D-E74793AB6361}.Debug|x64.ActiveCfg = Debug|Any CPU
		{2C94E91D-6645-4E9F-885D-E74793AB6361}.Debug|x64.Build.0 = Debug|Any CPU
		{2C94E91D-6645-4E9F-885D-E74793AB6361}.Release|Any CPU.ActiveCfg = Release|Any CPU
		{2C94E91D-6645-4E9F-885D-E74793AB6361}.Release|Any CPU.Build.0 = Release|Any CPU
		{2C94E91D-6645-4E9F-885D-E74793AB6361}.Release|x64.ActiveCfg = Release|Any CPU
		{2C94E91D-6645-4E9F-885D-E74793AB6361}.Release|x64.Build.0 = Release|Any CPU
		{2046B76A-81F0-4530-9068-C2AB54444424}.Debug|Any CPU.ActiveCfg = Debug|Any CPU
		{2046B76A-81F0-4530-9068-C2AB54444424}.Debug|Any CPU.Build.0 = Debug|Any CPU
		{2046B76A-81F0-4530-9068-C2AB54444424}.Debug|x64.ActiveCfg = Debug|Any CPU
		{2046B76A-81F0-4530-9068-C2AB54444424}.Debug|x64.Build.0 = Debug|Any CPU
		{2046B76A-81F0-4530-9068-C2AB54444424}.Release|Any CPU.ActiveCfg = Release|Any CPU
		{2046B76A-81F0-4530-9068-C2AB54444424}.Release|Any CPU.Build.0 = Release|Any CPU
		{2046B76A-81F0-4530-9068-C2AB54444424}.Release|x64.ActiveCfg = Release|Any CPU
		{2046B76A-81F0-4530-9068-C2AB54444424}.Release|x64.Build.0 = Release|Any CPU
		{1DEFE8F2-3509-48D3-B550-33AEC84723AC}.Debug|Any CPU.ActiveCfg = Debug|Any CPU
		{1DEFE8F2-3509-48D3-B550-33AEC84723AC}.Debug|Any CPU.Build.0 = Debug|Any CPU
		{1DEFE8F2-3509-48D3-B550-33AEC84723AC}.Debug|x64.ActiveCfg = Debug|Any CPU
		{1DEFE8F2-3509-48D3-B550-33AEC84723AC}.Debug|x64.Build.0 = Debug|Any CPU
		{1DEFE8F2-3509-48D3-B550-33AEC84723AC}.Release|Any CPU.ActiveCfg = Release|Any CPU
		{1DEFE8F2-3509-48D3-B550-33AEC84723AC}.Release|Any CPU.Build.0 = Release|Any CPU
		{1DEFE8F2-3509-48D3-B550-33AEC84723AC}.Release|x64.ActiveCfg = Release|Any CPU
		{1DEFE8F2-3509-48D3-B550-33AEC84723AC}.Release|x64.Build.0 = Release|Any CPU
		{183CBD53-82E8-49A4-A59D-AF99C9CE7D91}.Debug|Any CPU.ActiveCfg = Debug|Any CPU
		{183CBD53-82E8-49A4-A59D-AF99C9CE7D91}.Debug|Any CPU.Build.0 = Debug|Any CPU
		{183CBD53-82E8-49A4-A59D-AF99C9CE7D91}.Debug|x64.ActiveCfg = Debug|Any CPU
		{183CBD53-82E8-49A4-A59D-AF99C9CE7D91}.Debug|x64.Build.0 = Debug|Any CPU
		{183CBD53-82E8-49A4-A59D-AF99C9CE7D91}.Release|Any CPU.ActiveCfg = Release|Any CPU
		{183CBD53-82E8-49A4-A59D-AF99C9CE7D91}.Release|Any CPU.Build.0 = Release|Any CPU
		{183CBD53-82E8-49A4-A59D-AF99C9CE7D91}.Release|x64.ActiveCfg = Release|Any CPU
		{183CBD53-82E8-49A4-A59D-AF99C9CE7D91}.Release|x64.Build.0 = Release|Any CPU
		{8F197954-EF57-451A-97C8-D871F6879672}.Debug|Any CPU.ActiveCfg = Debug|Any CPU
		{8F197954-EF57-451A-97C8-D871F6879672}.Debug|Any CPU.Build.0 = Debug|Any CPU
		{8F197954-EF57-451A-97C8-D871F6879672}.Debug|x64.ActiveCfg = Debug|Any CPU
		{8F197954-EF57-451A-97C8-D871F6879672}.Debug|x64.Build.0 = Debug|Any CPU
		{8F197954-EF57-451A-97C8-D871F6879672}.Release|Any CPU.ActiveCfg = Release|Any CPU
		{8F197954-EF57-451A-97C8-D871F6879672}.Release|Any CPU.Build.0 = Release|Any CPU
		{8F197954-EF57-451A-97C8-D871F6879672}.Release|x64.ActiveCfg = Release|Any CPU
		{8F197954-EF57-451A-97C8-D871F6879672}.Release|x64.Build.0 = Release|Any CPU
		{89D4F9F7-10C9-4A8D-B900-87F10CB8C0C6}.Debug|Any CPU.ActiveCfg = Debug|Any CPU
		{89D4F9F7-10C9-4A8D-B900-87F10CB8C0C6}.Debug|Any CPU.Build.0 = Debug|Any CPU
		{89D4F9F7-10C9-4A8D-B900-87F10CB8C0C6}.Debug|Any CPU.Deploy.0 = Debug|Any CPU
		{89D4F9F7-10C9-4A8D-B900-87F10CB8C0C6}.Debug|x64.ActiveCfg = Debug|Any CPU
		{89D4F9F7-10C9-4A8D-B900-87F10CB8C0C6}.Debug|x64.Build.0 = Debug|Any CPU
		{89D4F9F7-10C9-4A8D-B900-87F10CB8C0C6}.Debug|x64.Deploy.0 = Debug|Any CPU
		{89D4F9F7-10C9-4A8D-B900-87F10CB8C0C6}.Release|Any CPU.ActiveCfg = Release|Any CPU
		{89D4F9F7-10C9-4A8D-B900-87F10CB8C0C6}.Release|Any CPU.Build.0 = Release|Any CPU
		{89D4F9F7-10C9-4A8D-B900-87F10CB8C0C6}.Release|Any CPU.Deploy.0 = Release|Any CPU
		{89D4F9F7-10C9-4A8D-B900-87F10CB8C0C6}.Release|x64.ActiveCfg = Release|Any CPU
		{89D4F9F7-10C9-4A8D-B900-87F10CB8C0C6}.Release|x64.Build.0 = Release|Any CPU
		{89D4F9F7-10C9-4A8D-B900-87F10CB8C0C6}.Release|x64.Deploy.0 = Release|Any CPU
		{9BCA91EE-A3B2-4F21-8744-8A3FA794796A}.Debug|Any CPU.ActiveCfg = Debug|Any CPU
		{9BCA91EE-A3B2-4F21-8744-8A3FA794796A}.Debug|Any CPU.Build.0 = Debug|Any CPU
		{9BCA91EE-A3B2-4F21-8744-8A3FA794796A}.Debug|Any CPU.Deploy.0 = Debug|Any CPU
		{9BCA91EE-A3B2-4F21-8744-8A3FA794796A}.Debug|x64.ActiveCfg = Debug|Any CPU
		{9BCA91EE-A3B2-4F21-8744-8A3FA794796A}.Debug|x64.Build.0 = Debug|Any CPU
		{9BCA91EE-A3B2-4F21-8744-8A3FA794796A}.Debug|x64.Deploy.0 = Debug|Any CPU
		{9BCA91EE-A3B2-4F21-8744-8A3FA794796A}.Release|Any CPU.ActiveCfg = Release|Any CPU
		{9BCA91EE-A3B2-4F21-8744-8A3FA794796A}.Release|Any CPU.Build.0 = Release|Any CPU
		{9BCA91EE-A3B2-4F21-8744-8A3FA794796A}.Release|Any CPU.Deploy.0 = Release|Any CPU
		{9BCA91EE-A3B2-4F21-8744-8A3FA794796A}.Release|x64.ActiveCfg = Release|Any CPU
		{9BCA91EE-A3B2-4F21-8744-8A3FA794796A}.Release|x64.Build.0 = Release|Any CPU
		{9BCA91EE-A3B2-4F21-8744-8A3FA794796A}.Release|x64.Deploy.0 = Release|Any CPU
		{690555DA-064F-401F-B50E-065A45F3BCA6}.Debug|Any CPU.ActiveCfg = Debug|Any CPU
		{690555DA-064F-401F-B50E-065A45F3BCA6}.Debug|Any CPU.Build.0 = Debug|Any CPU
		{690555DA-064F-401F-B50E-065A45F3BCA6}.Debug|x64.ActiveCfg = Debug|Any CPU
		{690555DA-064F-401F-B50E-065A45F3BCA6}.Debug|x64.Build.0 = Debug|Any CPU
		{690555DA-064F-401F-B50E-065A45F3BCA6}.Release|Any CPU.ActiveCfg = Release|Any CPU
		{690555DA-064F-401F-B50E-065A45F3BCA6}.Release|Any CPU.Build.0 = Release|Any CPU
		{690555DA-064F-401F-B50E-065A45F3BCA6}.Release|x64.ActiveCfg = Release|Any CPU
		{690555DA-064F-401F-B50E-065A45F3BCA6}.Release|x64.Build.0 = Release|Any CPU
		{B4A74AD1-B7D0-4364-86B2-6BC1EAB57F46}.Debug|Any CPU.ActiveCfg = Debug|Any CPU
		{B4A74AD1-B7D0-4364-86B2-6BC1EAB57F46}.Debug|Any CPU.Build.0 = Debug|Any CPU
		{B4A74AD1-B7D0-4364-86B2-6BC1EAB57F46}.Debug|Any CPU.Deploy.0 = Debug|Any CPU
		{B4A74AD1-B7D0-4364-86B2-6BC1EAB57F46}.Debug|x64.ActiveCfg = Debug|Any CPU
		{B4A74AD1-B7D0-4364-86B2-6BC1EAB57F46}.Debug|x64.Build.0 = Debug|Any CPU
		{B4A74AD1-B7D0-4364-86B2-6BC1EAB57F46}.Debug|x64.Deploy.0 = Debug|Any CPU
		{B4A74AD1-B7D0-4364-86B2-6BC1EAB57F46}.Release|Any CPU.ActiveCfg = Release|Any CPU
		{B4A74AD1-B7D0-4364-86B2-6BC1EAB57F46}.Release|Any CPU.Build.0 = Release|Any CPU
		{B4A74AD1-B7D0-4364-86B2-6BC1EAB57F46}.Release|Any CPU.Deploy.0 = Release|Any CPU
		{B4A74AD1-B7D0-4364-86B2-6BC1EAB57F46}.Release|x64.ActiveCfg = Release|Any CPU
		{B4A74AD1-B7D0-4364-86B2-6BC1EAB57F46}.Release|x64.Build.0 = Release|Any CPU
		{B4A74AD1-B7D0-4364-86B2-6BC1EAB57F46}.Release|x64.Deploy.0 = Release|Any CPU
		{7A08D8B3-9482-40FF-A583-CF0164B37AE9}.Debug|Any CPU.ActiveCfg = Debug|Any CPU
		{7A08D8B3-9482-40FF-A583-CF0164B37AE9}.Debug|Any CPU.Build.0 = Debug|Any CPU
		{7A08D8B3-9482-40FF-A583-CF0164B37AE9}.Debug|Any CPU.Deploy.0 = Debug|Any CPU
		{7A08D8B3-9482-40FF-A583-CF0164B37AE9}.Debug|x64.ActiveCfg = Debug|Any CPU
		{7A08D8B3-9482-40FF-A583-CF0164B37AE9}.Debug|x64.Build.0 = Debug|Any CPU
		{7A08D8B3-9482-40FF-A583-CF0164B37AE9}.Debug|x64.Deploy.0 = Debug|Any CPU
		{7A08D8B3-9482-40FF-A583-CF0164B37AE9}.Release|Any CPU.ActiveCfg = Release|Any CPU
		{7A08D8B3-9482-40FF-A583-CF0164B37AE9}.Release|Any CPU.Build.0 = Release|Any CPU
		{7A08D8B3-9482-40FF-A583-CF0164B37AE9}.Release|Any CPU.Deploy.0 = Release|Any CPU
		{7A08D8B3-9482-40FF-A583-CF0164B37AE9}.Release|x64.ActiveCfg = Release|Any CPU
		{7A08D8B3-9482-40FF-A583-CF0164B37AE9}.Release|x64.Build.0 = Release|Any CPU
		{7A08D8B3-9482-40FF-A583-CF0164B37AE9}.Release|x64.Deploy.0 = Release|Any CPU
		{8C3C303D-7D60-4FE7-B9DA-320EAE46AD2A}.Debug|Any CPU.ActiveCfg = Debug|Any CPU
		{8C3C303D-7D60-4FE7-B9DA-320EAE46AD2A}.Debug|Any CPU.Build.0 = Debug|Any CPU
		{8C3C303D-7D60-4FE7-B9DA-320EAE46AD2A}.Debug|x64.ActiveCfg = Debug|Any CPU
		{8C3C303D-7D60-4FE7-B9DA-320EAE46AD2A}.Debug|x64.Build.0 = Debug|Any CPU
		{8C3C303D-7D60-4FE7-B9DA-320EAE46AD2A}.Release|Any CPU.ActiveCfg = Release|Any CPU
		{8C3C303D-7D60-4FE7-B9DA-320EAE46AD2A}.Release|Any CPU.Build.0 = Release|Any CPU
		{8C3C303D-7D60-4FE7-B9DA-320EAE46AD2A}.Release|x64.ActiveCfg = Release|Any CPU
		{8C3C303D-7D60-4FE7-B9DA-320EAE46AD2A}.Release|x64.Build.0 = Release|Any CPU
		{686364AA-1E45-4E01-977A-C3C75FC6AD6E}.Debug|Any CPU.ActiveCfg = Debug|Any CPU
		{686364AA-1E45-4E01-977A-C3C75FC6AD6E}.Debug|Any CPU.Build.0 = Debug|Any CPU
		{686364AA-1E45-4E01-977A-C3C75FC6AD6E}.Debug|x64.ActiveCfg = Debug|Any CPU
		{686364AA-1E45-4E01-977A-C3C75FC6AD6E}.Debug|x64.Build.0 = Debug|Any CPU
		{686364AA-1E45-4E01-977A-C3C75FC6AD6E}.Release|Any CPU.ActiveCfg = Release|Any CPU
		{686364AA-1E45-4E01-977A-C3C75FC6AD6E}.Release|Any CPU.Build.0 = Release|Any CPU
		{686364AA-1E45-4E01-977A-C3C75FC6AD6E}.Release|x64.ActiveCfg = Release|Any CPU
		{686364AA-1E45-4E01-977A-C3C75FC6AD6E}.Release|x64.Build.0 = Release|Any CPU
	EndGlobalSection
	GlobalSection(SolutionProperties) = preSolution
		HideSolutionNode = FALSE
	EndGlobalSection
	GlobalSection(ExtensibilityGlobals) = postSolution
		SolutionGuid = {5C93978A-7BF7-4E49-A0B5-81A0C1FC6CC3}
	EndGlobalSection
EndGlobal
